// !$*UTF8*$!
{
	archiveVersion = 1;
	classes = {
	};
	objectVersion = 50;
	objects = {

/* Begin PBXBuildFile section */
		9A08221D22821EAD002C39F3 /* FilterPopup.xib in Resources */ = {isa = PBXBuildFile; fileRef = 9A08221C22821EAD002C39F3 /* FilterPopup.xib */; };
		9A08221F2282245B002C39F3 /* FilterPopupController.swift in Sources */ = {isa = PBXBuildFile; fileRef = 9A08221E2282245B002C39F3 /* FilterPopupController.swift */; };
		9A08222222831D55002C39F3 /* Article.swift in Sources */ = {isa = PBXBuildFile; fileRef = 9A08222122831D55002C39F3 /* Article.swift */; };
		9A27AFAC2289EA11007AE78E /* Extensions.swift in Sources */ = {isa = PBXBuildFile; fileRef = 9A27AFAB2289EA11007AE78E /* Extensions.swift */; };
		9A9D8420227A71F6007B9426 /* ArticleViewController.swift in Sources */ = {isa = PBXBuildFile; fileRef = 9A9D841F227A71F6007B9426 /* ArticleViewController.swift */; };
		9ABA68E5226FD0C500BC826C /* AppDelegate.swift in Sources */ = {isa = PBXBuildFile; fileRef = 9ABA68E4226FD0C500BC826C /* AppDelegate.swift */; };
		9ABA68E7226FD0C500BC826C /* FeaturedViewController.swift in Sources */ = {isa = PBXBuildFile; fileRef = 9ABA68E6226FD0C500BC826C /* FeaturedViewController.swift */; };
		9ABA68EC226FD0C500BC826C /* Main.storyboard in Resources */ = {isa = PBXBuildFile; fileRef = 9ABA68EA226FD0C500BC826C /* Main.storyboard */; };
		9ABA68EE226FD0C600BC826C /* Assets.xcassets in Resources */ = {isa = PBXBuildFile; fileRef = 9ABA68ED226FD0C600BC826C /* Assets.xcassets */; };
		9ABA68F1226FD0C600BC826C /* LaunchScreen.storyboard in Resources */ = {isa = PBXBuildFile; fileRef = 9ABA68EF226FD0C600BC826C /* LaunchScreen.storyboard */; };
		9ABA68FC226FD0C600BC826C /* Swift_News_AppTests.swift in Sources */ = {isa = PBXBuildFile; fileRef = 9ABA68FB226FD0C600BC826C /* Swift_News_AppTests.swift */; };
		9ABA6907226FD0C600BC826C /* Swift_News_AppUITests.swift in Sources */ = {isa = PBXBuildFile; fileRef = 9ABA6906226FD0C600BC826C /* Swift_News_AppUITests.swift */; };
		9ABA69172271066900BC826C /* JSONParser.swift in Sources */ = {isa = PBXBuildFile; fileRef = 9ABA69162271066900BC826C /* JSONParser.swift */; };
/* End PBXBuildFile section */

/* Begin PBXContainerItemProxy section */
		9ABA68F8226FD0C600BC826C /* PBXContainerItemProxy */ = {
			isa = PBXContainerItemProxy;
			containerPortal = 9ABA68D9226FD0C500BC826C /* Project object */;
			proxyType = 1;
			remoteGlobalIDString = 9ABA68E0226FD0C500BC826C;
			remoteInfo = "Swift News App";
		};
		9ABA6903226FD0C600BC826C /* PBXContainerItemProxy */ = {
			isa = PBXContainerItemProxy;
			containerPortal = 9ABA68D9226FD0C500BC826C /* Project object */;
			proxyType = 1;
			remoteGlobalIDString = 9ABA68E0226FD0C500BC826C;
			remoteInfo = "Swift News App";
		};
/* End PBXContainerItemProxy section */

/* Begin PBXFileReference section */
		9A08221C22821EAD002C39F3 /* FilterPopup.xib */ = {isa = PBXFileReference; lastKnownFileType = file.xib; path = FilterPopup.xib; sourceTree = "<group>"; };
		9A08221E2282245B002C39F3 /* FilterPopupController.swift */ = {isa = PBXFileReference; lastKnownFileType = sourcecode.swift; path = FilterPopupController.swift; sourceTree = "<group>"; };
		9A08222122831D55002C39F3 /* Article.swift */ = {isa = PBXFileReference; lastKnownFileType = sourcecode.swift; path = Article.swift; sourceTree = "<group>"; };
		9A27AFAB2289EA11007AE78E /* Extensions.swift */ = {isa = PBXFileReference; lastKnownFileType = sourcecode.swift; path = Extensions.swift; sourceTree = "<group>"; };
		9A9D841F227A71F6007B9426 /* ArticleViewController.swift */ = {isa = PBXFileReference; lastKnownFileType = sourcecode.swift; path = ArticleViewController.swift; sourceTree = "<group>"; };
		9ABA68E1226FD0C500BC826C /* Swift News App.app */ = {isa = PBXFileReference; explicitFileType = wrapper.application; includeInIndex = 0; path = "Swift News App.app"; sourceTree = BUILT_PRODUCTS_DIR; };
		9ABA68E4226FD0C500BC826C /* AppDelegate.swift */ = {isa = PBXFileReference; lastKnownFileType = sourcecode.swift; path = AppDelegate.swift; sourceTree = "<group>"; };
		9ABA68E6226FD0C500BC826C /* FeaturedViewController.swift */ = {isa = PBXFileReference; lastKnownFileType = sourcecode.swift; path = FeaturedViewController.swift; sourceTree = "<group>"; };
		9ABA68EB226FD0C500BC826C /* Base */ = {isa = PBXFileReference; lastKnownFileType = file.storyboard; name = Base; path = Base.lproj/Main.storyboard; sourceTree = "<group>"; };
		9ABA68ED226FD0C600BC826C /* Assets.xcassets */ = {isa = PBXFileReference; lastKnownFileType = folder.assetcatalog; path = Assets.xcassets; sourceTree = "<group>"; };
		9ABA68F0226FD0C600BC826C /* Base */ = {isa = PBXFileReference; lastKnownFileType = file.storyboard; name = Base; path = Base.lproj/LaunchScreen.storyboard; sourceTree = "<group>"; };
		9ABA68F2226FD0C600BC826C /* Info.plist */ = {isa = PBXFileReference; lastKnownFileType = text.plist.xml; path = Info.plist; sourceTree = "<group>"; };
		9ABA68F7226FD0C600BC826C /* Swift News AppTests.xctest */ = {isa = PBXFileReference; explicitFileType = wrapper.cfbundle; includeInIndex = 0; path = "Swift News AppTests.xctest"; sourceTree = BUILT_PRODUCTS_DIR; };
		9ABA68FB226FD0C600BC826C /* Swift_News_AppTests.swift */ = {isa = PBXFileReference; lastKnownFileType = sourcecode.swift; path = Swift_News_AppTests.swift; sourceTree = "<group>"; };
		9ABA68FD226FD0C600BC826C /* Info.plist */ = {isa = PBXFileReference; lastKnownFileType = text.plist.xml; path = Info.plist; sourceTree = "<group>"; };
		9ABA6902226FD0C600BC826C /* Swift News AppUITests.xctest */ = {isa = PBXFileReference; explicitFileType = wrapper.cfbundle; includeInIndex = 0; path = "Swift News AppUITests.xctest"; sourceTree = BUILT_PRODUCTS_DIR; };
		9ABA6906226FD0C600BC826C /* Swift_News_AppUITests.swift */ = {isa = PBXFileReference; lastKnownFileType = sourcecode.swift; path = Swift_News_AppUITests.swift; sourceTree = "<group>"; };
		9ABA6908226FD0C600BC826C /* Info.plist */ = {isa = PBXFileReference; lastKnownFileType = text.plist.xml; path = Info.plist; sourceTree = "<group>"; };
		9ABA69162271066900BC826C /* JSONParser.swift */ = {isa = PBXFileReference; lastKnownFileType = sourcecode.swift; path = JSONParser.swift; sourceTree = "<group>"; };
/* End PBXFileReference section */

/* Begin PBXFrameworksBuildPhase section */
		9ABA68DE226FD0C500BC826C /* Frameworks */ = {
			isa = PBXFrameworksBuildPhase;
			buildActionMask = 2147483647;
			files = (
			);
			runOnlyForDeploymentPostprocessing = 0;
		};
		9ABA68F4226FD0C600BC826C /* Frameworks */ = {
			isa = PBXFrameworksBuildPhase;
			buildActionMask = 2147483647;
			files = (
			);
			runOnlyForDeploymentPostprocessing = 0;
		};
		9ABA68FF226FD0C600BC826C /* Frameworks */ = {
			isa = PBXFrameworksBuildPhase;
			buildActionMask = 2147483647;
			files = (
			);
			runOnlyForDeploymentPostprocessing = 0;
		};
/* End PBXFrameworksBuildPhase section */

/* Begin PBXGroup section */
		9A08222022822DFF002C39F3 /* Filter Popup */ = {
			isa = PBXGroup;
			children = (
				9A08221E2282245B002C39F3 /* FilterPopupController.swift */,
				9A08221C22821EAD002C39F3 /* FilterPopup.xib */,
			);
			path = "Filter Popup";
			sourceTree = "<group>";
		};
		9A9D841E227A71CF007B9426 /* View Controllers */ = {
			isa = PBXGroup;
			children = (
				9ABA68E6226FD0C500BC826C /* FeaturedViewController.swift */,
				9A9D841F227A71F6007B9426 /* ArticleViewController.swift */,
				9A08222122831D55002C39F3 /* Article.swift */,
			);
			path = "View Controllers";
			sourceTree = "<group>";
		};
		9ABA68D8226FD0C500BC826C = {
			isa = PBXGroup;
			children = (
				9ABA68E3226FD0C500BC826C /* Swift News App */,
				9ABA68FA226FD0C600BC826C /* Swift News AppTests */,
				9ABA6905226FD0C600BC826C /* Swift News AppUITests */,
				9ABA68E2226FD0C500BC826C /* Products */,
			);
			sourceTree = "<group>";
		};
		9ABA68E2226FD0C500BC826C /* Products */ = {
			isa = PBXGroup;
			children = (
				9ABA68E1226FD0C500BC826C /* Swift News App.app */,
				9ABA68F7226FD0C600BC826C /* Swift News AppTests.xctest */,
				9ABA6902226FD0C600BC826C /* Swift News AppUITests.xctest */,
			);
			name = Products;
			sourceTree = "<group>";
		};
		9ABA68E3226FD0C500BC826C /* Swift News App */ = {
			isa = PBXGroup;
			children = (
				9A9D841E227A71CF007B9426 /* View Controllers */,
				9A08222022822DFF002C39F3 /* Filter Popup */,
				9ABA68E4226FD0C500BC826C /* AppDelegate.swift */,
				9ABA69162271066900BC826C /* JSONParser.swift */,
				9ABA68EA226FD0C500BC826C /* Main.storyboard */,
				9ABA68ED226FD0C600BC826C /* Assets.xcassets */,
				9ABA68EF226FD0C600BC826C /* LaunchScreen.storyboard */,
				9ABA68F2226FD0C600BC826C /* Info.plist */,
				9A27AFAB2289EA11007AE78E /* Extensions.swift */,
			);
			path = "Swift News App";
			sourceTree = "<group>";
		};
		9ABA68FA226FD0C600BC826C /* Swift News AppTests */ = {
			isa = PBXGroup;
			children = (
				9ABA68FB226FD0C600BC826C /* Swift_News_AppTests.swift */,
				9ABA68FD226FD0C600BC826C /* Info.plist */,
			);
			path = "Swift News AppTests";
			sourceTree = "<group>";
		};
		9ABA6905226FD0C600BC826C /* Swift News AppUITests */ = {
			isa = PBXGroup;
			children = (
				9ABA6906226FD0C600BC826C /* Swift_News_AppUITests.swift */,
				9ABA6908226FD0C600BC826C /* Info.plist */,
			);
			path = "Swift News AppUITests";
			sourceTree = "<group>";
		};
/* End PBXGroup section */

/* Begin PBXNativeTarget section */
		9ABA68E0226FD0C500BC826C /* Swift News App */ = {
			isa = PBXNativeTarget;
			buildConfigurationList = 9ABA690B226FD0C600BC826C /* Build configuration list for PBXNativeTarget "Swift News App" */;
			buildPhases = (
				9ABA68DD226FD0C500BC826C /* Sources */,
				9ABA68DE226FD0C500BC826C /* Frameworks */,
				9ABA68DF226FD0C500BC826C /* Resources */,
			);
			buildRules = (
			);
			dependencies = (
			);
			name = "Swift News App";
			productName = "Swift News App";
			productReference = 9ABA68E1226FD0C500BC826C /* Swift News App.app */;
			productType = "com.apple.product-type.application";
		};
		9ABA68F6226FD0C600BC826C /* Swift News AppTests */ = {
			isa = PBXNativeTarget;
			buildConfigurationList = 9ABA690E226FD0C600BC826C /* Build configuration list for PBXNativeTarget "Swift News AppTests" */;
			buildPhases = (
				9ABA68F3226FD0C600BC826C /* Sources */,
				9ABA68F4226FD0C600BC826C /* Frameworks */,
				9ABA68F5226FD0C600BC826C /* Resources */,
			);
			buildRules = (
			);
			dependencies = (
				9ABA68F9226FD0C600BC826C /* PBXTargetDependency */,
			);
			name = "Swift News AppTests";
			productName = "Swift News AppTests";
			productReference = 9ABA68F7226FD0C600BC826C /* Swift News AppTests.xctest */;
			productType = "com.apple.product-type.bundle.unit-test";
		};
		9ABA6901226FD0C600BC826C /* Swift News AppUITests */ = {
			isa = PBXNativeTarget;
			buildConfigurationList = 9ABA6911226FD0C600BC826C /* Build configuration list for PBXNativeTarget "Swift News AppUITests" */;
			buildPhases = (
				9ABA68FE226FD0C600BC826C /* Sources */,
				9ABA68FF226FD0C600BC826C /* Frameworks */,
				9ABA6900226FD0C600BC826C /* Resources */,
			);
			buildRules = (
			);
			dependencies = (
				9ABA6904226FD0C600BC826C /* PBXTargetDependency */,
			);
			name = "Swift News AppUITests";
			productName = "Swift News AppUITests";
			productReference = 9ABA6902226FD0C600BC826C /* Swift News AppUITests.xctest */;
			productType = "com.apple.product-type.bundle.ui-testing";
		};
/* End PBXNativeTarget section */

/* Begin PBXProject section */
		9ABA68D9226FD0C500BC826C /* Project object */ = {
			isa = PBXProject;
			attributes = {
				LastSwiftUpdateCheck = 1010;
				LastUpgradeCheck = 1010;
				ORGANIZATIONNAME = Paul;
				TargetAttributes = {
					9ABA68E0226FD0C500BC826C = {
						CreatedOnToolsVersion = 10.1;
					};
					9ABA68F6226FD0C600BC826C = {
						CreatedOnToolsVersion = 10.1;
						TestTargetID = 9ABA68E0226FD0C500BC826C;
					};
					9ABA6901226FD0C600BC826C = {
						CreatedOnToolsVersion = 10.1;
						TestTargetID = 9ABA68E0226FD0C500BC826C;
					};
				};
			};
			buildConfigurationList = 9ABA68DC226FD0C500BC826C /* Build configuration list for PBXProject "Swift News App" */;
			compatibilityVersion = "Xcode 9.3";
			developmentRegion = en;
			hasScannedForEncodings = 0;
			knownRegions = (
				en,
				Base,
			);
			mainGroup = 9ABA68D8226FD0C500BC826C;
			productRefGroup = 9ABA68E2226FD0C500BC826C /* Products */;
			projectDirPath = "";
			projectRoot = "";
			targets = (
				9ABA68E0226FD0C500BC826C /* Swift News App */,
				9ABA68F6226FD0C600BC826C /* Swift News AppTests */,
				9ABA6901226FD0C600BC826C /* Swift News AppUITests */,
			);
		};
/* End PBXProject section */

/* Begin PBXResourcesBuildPhase section */
		9ABA68DF226FD0C500BC826C /* Resources */ = {
			isa = PBXResourcesBuildPhase;
			buildActionMask = 2147483647;
			files = (
				9ABA68F1226FD0C600BC826C /* LaunchScreen.storyboard in Resources */,
				9ABA68EE226FD0C600BC826C /* Assets.xcassets in Resources */,
				9A08221D22821EAD002C39F3 /* FilterPopup.xib in Resources */,
				9ABA68EC226FD0C500BC826C /* Main.storyboard in Resources */,
			);
			runOnlyForDeploymentPostprocessing = 0;
		};
		9ABA68F5226FD0C600BC826C /* Resources */ = {
			isa = PBXResourcesBuildPhase;
			buildActionMask = 2147483647;
			files = (
			);
			runOnlyForDeploymentPostprocessing = 0;
		};
		9ABA6900226FD0C600BC826C /* Resources */ = {
			isa = PBXResourcesBuildPhase;
			buildActionMask = 2147483647;
			files = (
			);
			runOnlyForDeploymentPostprocessing = 0;
		};
/* End PBXResourcesBuildPhase section */

/* Begin PBXSourcesBuildPhase section */
		9ABA68DD226FD0C500BC826C /* Sources */ = {
			isa = PBXSourcesBuildPhase;
			buildActionMask = 2147483647;
			files = (
				9A08222222831D55002C39F3 /* Article.swift in Sources */,
				9ABA68E5226FD0C500BC826C /* AppDelegate.swift in Sources */,
				9A27AFAC2289EA11007AE78E /* Extensions.swift in Sources */,
				9A08221F2282245B002C39F3 /* FilterPopupController.swift in Sources */,
				9A9D8420227A71F6007B9426 /* ArticleViewController.swift in Sources */,
				9ABA69172271066900BC826C /* JSONParser.swift in Sources */,
				9ABA68E7226FD0C500BC826C /* FeaturedViewController.swift in Sources */,
			);
			runOnlyForDeploymentPostprocessing = 0;
		};
		9ABA68F3226FD0C600BC826C /* Sources */ = {
			isa = PBXSourcesBuildPhase;
			buildActionMask = 2147483647;
			files = (
				9ABA68FC226FD0C600BC826C /* Swift_News_AppTests.swift in Sources */,
			);
			runOnlyForDeploymentPostprocessing = 0;
		};
		9ABA68FE226FD0C600BC826C /* Sources */ = {
			isa = PBXSourcesBuildPhase;
			buildActionMask = 2147483647;
			files = (
				9ABA6907226FD0C600BC826C /* Swift_News_AppUITests.swift in Sources */,
			);
			runOnlyForDeploymentPostprocessing = 0;
		};
/* End PBXSourcesBuildPhase section */

/* Begin PBXTargetDependency section */
		9ABA68F9226FD0C600BC826C /* PBXTargetDependency */ = {
			isa = PBXTargetDependency;
			target = 9ABA68E0226FD0C500BC826C /* Swift News App */;
			targetProxy = 9ABA68F8226FD0C600BC826C /* PBXContainerItemProxy */;
		};
		9ABA6904226FD0C600BC826C /* PBXTargetDependency */ = {
			isa = PBXTargetDependency;
			target = 9ABA68E0226FD0C500BC826C /* Swift News App */;
			targetProxy = 9ABA6903226FD0C600BC826C /* PBXContainerItemProxy */;
		};
/* End PBXTargetDependency section */

/* Begin PBXVariantGroup section */
		9ABA68EA226FD0C500BC826C /* Main.storyboard */ = {
			isa = PBXVariantGroup;
			children = (
				9ABA68EB226FD0C500BC826C /* Base */,
			);
			name = Main.storyboard;
			sourceTree = "<group>";
		};
		9ABA68EF226FD0C600BC826C /* LaunchScreen.storyboard */ = {
			isa = PBXVariantGroup;
			children = (
				9ABA68F0226FD0C600BC826C /* Base */,
			);
			name = LaunchScreen.storyboard;
			sourceTree = "<group>";
		};
/* End PBXVariantGroup section */

/* Begin XCBuildConfiguration section */
		9ABA6909226FD0C600BC826C /* Debug */ = {
			isa = XCBuildConfiguration;
			buildSettings = {
				ALWAYS_SEARCH_USER_PATHS = NO;
				CLANG_ANALYZER_NONNULL = YES;
				CLANG_ANALYZER_NUMBER_OBJECT_CONVERSION = YES_AGGRESSIVE;
				CLANG_CXX_LANGUAGE_STANDARD = "gnu++14";
				CLANG_CXX_LIBRARY = "libc++";
				CLANG_ENABLE_MODULES = YES;
				CLANG_ENABLE_OBJC_ARC = YES;
				CLANG_ENABLE_OBJC_WEAK = YES;
				CLANG_WARN_BLOCK_CAPTURE_AUTORELEASING = YES;
				CLANG_WARN_BOOL_CONVERSION = YES;
				CLANG_WARN_COMMA = YES;
				CLANG_WARN_CONSTANT_CONVERSION = YES;
				CLANG_WARN_DEPRECATED_OBJC_IMPLEMENTATIONS = YES;
				CLANG_WARN_DIRECT_OBJC_ISA_USAGE = YES_ERROR;
				CLANG_WARN_DOCUMENTATION_COMMENTS = YES;
				CLANG_WARN_EMPTY_BODY = YES;
				CLANG_WARN_ENUM_CONVERSION = YES;
				CLANG_WARN_INFINITE_RECURSION = YES;
				CLANG_WARN_INT_CONVERSION = YES;
				CLANG_WARN_NON_LITERAL_NULL_CONVERSION = YES;
				CLANG_WARN_OBJC_IMPLICIT_RETAIN_SELF = YES;
				CLANG_WARN_OBJC_LITERAL_CONVERSION = YES;
				CLANG_WARN_OBJC_ROOT_CLASS = YES_ERROR;
				CLANG_WARN_RANGE_LOOP_ANALYSIS = YES;
				CLANG_WARN_STRICT_PROTOTYPES = YES;
				CLANG_WARN_SUSPICIOUS_MOVE = YES;
				CLANG_WARN_UNGUARDED_AVAILABILITY = YES_AGGRESSIVE;
				CLANG_WARN_UNREACHABLE_CODE = YES;
				CLANG_WARN__DUPLICATE_METHOD_MATCH = YES;
				CODE_SIGN_IDENTITY = "iPhone Developer";
				COPY_PHASE_STRIP = NO;
				DEBUG_INFORMATION_FORMAT = dwarf;
				ENABLE_STRICT_OBJC_MSGSEND = YES;
				ENABLE_TESTABILITY = YES;
				GCC_C_LANGUAGE_STANDARD = gnu11;
				GCC_DYNAMIC_NO_PIC = NO;
				GCC_NO_COMMON_BLOCKS = YES;
				GCC_OPTIMIZATION_LEVEL = 0;
				GCC_PREPROCESSOR_DEFINITIONS = (
					"DEBUG=1",
					"$(inherited)",
				);
				GCC_WARN_64_TO_32_BIT_CONVERSION = YES;
				GCC_WARN_ABOUT_RETURN_TYPE = YES_ERROR;
				GCC_WARN_UNDECLARED_SELECTOR = YES;
				GCC_WARN_UNINITIALIZED_AUTOS = YES_AGGRESSIVE;
				GCC_WARN_UNUSED_FUNCTION = YES;
				GCC_WARN_UNUSED_VARIABLE = YES;
				IPHONEOS_DEPLOYMENT_TARGET = 12.1;
				MTL_ENABLE_DEBUG_INFO = INCLUDE_SOURCE;
				MTL_FAST_MATH = YES;
				ONLY_ACTIVE_ARCH = YES;
				SDKROOT = iphoneos;
				SWIFT_ACTIVE_COMPILATION_CONDITIONS = DEBUG;
				SWIFT_OPTIMIZATION_LEVEL = "-Onone";
			};
			name = Debug;
		};
		9ABA690A226FD0C600BC826C /* Release */ = {
			isa = XCBuildConfiguration;
			buildSettings = {
				ALWAYS_SEARCH_USER_PATHS = NO;
				CLANG_ANALYZER_NONNULL = YES;
				CLANG_ANALYZER_NUMBER_OBJECT_CONVERSION = YES_AGGRESSIVE;
				CLANG_CXX_LANGUAGE_STANDARD = "gnu++14";
				CLANG_CXX_LIBRARY = "libc++";
				CLANG_ENABLE_MODULES = YES;
				CLANG_ENABLE_OBJC_ARC = YES;
				CLANG_ENABLE_OBJC_WEAK = YES;
				CLANG_WARN_BLOCK_CAPTURE_AUTORELEASING = YES;
				CLANG_WARN_BOOL_CONVERSION = YES;
				CLANG_WARN_COMMA = YES;
				CLANG_WARN_CONSTANT_CONVERSION = YES;
				CLANG_WARN_DEPRECATED_OBJC_IMPLEMENTATIONS = YES;
				CLANG_WARN_DIRECT_OBJC_ISA_USAGE = YES_ERROR;
				CLANG_WARN_DOCUMENTATION_COMMENTS = YES;
				CLANG_WARN_EMPTY_BODY = YES;
				CLANG_WARN_ENUM_CONVERSION = YES;
				CLANG_WARN_INFINITE_RECURSION = YES;
				CLANG_WARN_INT_CONVERSION = YES;
				CLANG_WARN_NON_LITERAL_NULL_CONVERSION = YES;
				CLANG_WARN_OBJC_IMPLICIT_RETAIN_SELF = YES;
				CLANG_WARN_OBJC_LITERAL_CONVERSION = YES;
				CLANG_WARN_OBJC_ROOT_CLASS = YES_ERROR;
				CLANG_WARN_RANGE_LOOP_ANALYSIS = YES;
				CLANG_WARN_STRICT_PROTOTYPES = YES;
				CLANG_WARN_SUSPICIOUS_MOVE = YES;
				CLANG_WARN_UNGUARDED_AVAILABILITY = YES_AGGRESSIVE;
				CLANG_WARN_UNREACHABLE_CODE = YES;
				CLANG_WARN__DUPLICATE_METHOD_MATCH = YES;
				CODE_SIGN_IDENTITY = "iPhone Developer";
				COPY_PHASE_STRIP = NO;
				DEBUG_INFORMATION_FORMAT = "dwarf-with-dsym";
				ENABLE_NS_ASSERTIONS = NO;
				ENABLE_STRICT_OBJC_MSGSEND = YES;
				GCC_C_LANGUAGE_STANDARD = gnu11;
				GCC_NO_COMMON_BLOCKS = YES;
				GCC_WARN_64_TO_32_BIT_CONVERSION = YES;
				GCC_WARN_ABOUT_RETURN_TYPE = YES_ERROR;
				GCC_WARN_UNDECLARED_SELECTOR = YES;
				GCC_WARN_UNINITIALIZED_AUTOS = YES_AGGRESSIVE;
				GCC_WARN_UNUSED_FUNCTION = YES;
				GCC_WARN_UNUSED_VARIABLE = YES;
				IPHONEOS_DEPLOYMENT_TARGET = 12.1;
				MTL_ENABLE_DEBUG_INFO = NO;
				MTL_FAST_MATH = YES;
				SDKROOT = iphoneos;
				SWIFT_COMPILATION_MODE = wholemodule;
				SWIFT_OPTIMIZATION_LEVEL = "-O";
				VALIDATE_PRODUCT = YES;
			};
			name = Release;
		};
		9ABA690C226FD0C600BC826C /* Debug */ = {
			isa = XCBuildConfiguration;
			buildSettings = {
				ASSETCATALOG_COMPILER_APPICON_NAME = AppIcon;
				CODE_SIGN_STYLE = Automatic;
				DEVELOPMENT_TEAM = KG8LX38267;
				INFOPLIST_FILE = "Swift News App/Info.plist";
				LD_RUNPATH_SEARCH_PATHS = (
					"$(inherited)",
					"@executable_path/Frameworks",
				);
				PRODUCT_BUNDLE_IDENTIFIER = "com.Paul.Swift-News-App";
				PRODUCT_NAME = "$(TARGET_NAME)";
				SWIFT_VERSION = 4.2;
				TARGETED_DEVICE_FAMILY = "1,2";
			};
			name = Debug;
		};
		9ABA690D226FD0C600BC826C /* Release */ = {
			isa = XCBuildConfiguration;
			buildSettings = {
				ASSETCATALOG_COMPILER_APPICON_NAME = AppIcon;
				CODE_SIGN_STYLE = Automatic;
				DEVELOPMENT_TEAM = KG8LX38267;
				INFOPLIST_FILE = "Swift News App/Info.plist";
				LD_RUNPATH_SEARCH_PATHS = (
					"$(inherited)",
					"@executable_path/Frameworks",
				);
				PRODUCT_BUNDLE_IDENTIFIER = "com.Paul.Swift-News-App";
				PRODUCT_NAME = "$(TARGET_NAME)";
				SWIFT_VERSION = 4.2;
				TARGETED_DEVICE_FAMILY = "1,2";
			};
			name = Release;
		};
		9ABA690F226FD0C600BC826C /* Debug */ = {
			isa = XCBuildConfiguration;
			buildSettings = {
				ALWAYS_EMBED_SWIFT_STANDARD_LIBRARIES = YES;
				BUNDLE_LOADER = "$(TEST_HOST)";
				CODE_SIGN_STYLE = Automatic;
				INFOPLIST_FILE = "Swift News AppTests/Info.plist";
				LD_RUNPATH_SEARCH_PATHS = (
					"$(inherited)",
					"@executable_path/Frameworks",
					"@loader_path/Frameworks",
				);
				PRODUCT_BUNDLE_IDENTIFIER = "com.Paul.Swift-News-AppTests";
				PRODUCT_NAME = "$(TARGET_NAME)";
				SWIFT_VERSION = 4.2;
				TARGETED_DEVICE_FAMILY = "1,2";
				TEST_HOST = "$(BUILT_PRODUCTS_DIR)/Swift News App.app/Swift News App";
			};
			name = Debug;
		};
		9ABA6910226FD0C600BC826C /* Release */ = {
			isa = XCBuildConfiguration;
			buildSettings = {
				ALWAYS_EMBED_SWIFT_STANDARD_LIBRARIES = YES;
				BUNDLE_LOADER = "$(TEST_HOST)";
				CODE_SIGN_STYLE = Automatic;
				INFOPLIST_FILE = "Swift News AppTests/Info.plist";
				LD_RUNPATH_SEARCH_PATHS = (
					"$(inherited)",
					"@executable_path/Frameworks",
					"@loader_path/Frameworks",
				);
				PRODUCT_BUNDLE_IDENTIFIER = "com.Paul.Swift-News-AppTests";
				PRODUCT_NAME = "$(TARGET_NAME)";
				SWIFT_VERSION = 4.2;
				TARGETED_DEVICE_FAMILY = "1,2";
				TEST_HOST = "$(BUILT_PRODUCTS_DIR)/Swift News App.app/Swift News App";
			};
			name = Release;
		};
		9ABA6912226FD0C600BC826C /* Debug */ = {
			isa = XCBuildConfiguration;
			buildSettings = {
				ALWAYS_EMBED_SWIFT_STANDARD_LIBRARIES = YES;
				CODE_SIGN_STYLE = Automatic;
				INFOPLIST_FILE = "Swift News AppUITests/Info.plist";
				LD_RUNPATH_SEARCH_PATHS = (
					"$(inherited)",
					"@executable_path/Frameworks",
					"@loader_path/Frameworks",
				);
				PRODUCT_BUNDLE_IDENTIFIER = "com.Paul.Swift-News-AppUITests";
				PRODUCT_NAME = "$(TARGET_NAME)";
				SWIFT_VERSION = 4.2;
				TARGETED_DEVICE_FAMILY = "1,2";
				TEST_TARGET_NAME = "Swift News App";
			};
			name = Debug;
		};
		9ABA6913226FD0C600BC826C /* Release */ = {
			isa = XCBuildConfiguration;
			buildSettings = {
				ALWAYS_EMBED_SWIFT_STANDARD_LIBRARIES = YES;
				CODE_SIGN_STYLE = Automatic;
				INFOPLIST_FILE = "Swift News AppUITests/Info.plist";
				LD_RUNPATH_SEARCH_PATHS = (
					"$(inherited)",
					"@executable_path/Frameworks",
					"@loader_path/Frameworks",
				);
				PRODUCT_BUNDLE_IDENTIFIER = "com.Paul.Swift-News-AppUITests";
				PRODUCT_NAME = "$(TARGET_NAME)";
				SWIFT_VERSION = 4.2;
				TARGETED_DEVICE_FAMILY = "1,2";
				TEST_TARGET_NAME = "Swift News App";
			};
			name = Release;
		};
/* End XCBuildConfiguration section */

/* Begin XCConfigurationList section */
		9ABA68DC226FD0C500BC826C /* Build configuration list for PBXProject "Swift News App" */ = {
			isa = XCConfigurationList;
			buildConfigurations = (
				9ABA6909226FD0C600BC826C /* Debug */,
				9ABA690A226FD0C600BC826C /* Release */,
			);
			defaultConfigurationIsVisible = 0;
			defaultConfigurationName = Release;
		};
		9ABA690B226FD0C600BC826C /* Build configuration list for PBXNativeTarget "Swift News App" */ = {
			isa = XCConfigurationList;
			buildConfigurations = (
				9ABA690C226FD0C600BC826C /* Debug */,
				9ABA690D226FD0C600BC826C /* Release */,
			);
			defaultConfigurationIsVisible = 0;
			defaultConfigurationName = Release;
		};
		9ABA690E226FD0C600BC826C /* Build configuration list for PBXNativeTarget "Swift News AppTests" */ = {
			isa = XCConfigurationList;
			buildConfigurations = (
				9ABA690F226FD0C600BC826C /* Debug */,
				9ABA6910226FD0C600BC826C /* Release */,
			);
			defaultConfigurationIsVisible = 0;
			defaultConfigurationName = Release;
		};
		9ABA6911226FD0C600BC826C /* Build configuration list for PBXNativeTarget "Swift News AppUITests" */ = {
			isa = XCConfigurationList;
			buildConfigurations = (
				9ABA6912226FD0C600BC826C /* Debug */,
				9ABA6913226FD0C600BC826C /* Release */,
			);
			defaultConfigurationIsVisible = 0;
			defaultConfigurationName = Release;
		};
/* End XCConfigurationList section */
	};
	rootObject = 9ABA68D9226FD0C500BC826C /* Project object */;
}
